PODS:
  - JSQSystemSoundPlayer (2.0.1)
  - YYKit (1.0.7):
    - YYKit/no-arc (= 1.0.7)
  - YYKit/no-arc (1.0.7)

DEPENDENCIES:
  - JSQSystemSoundPlayer (~> 2.0)
  - YYKit

SPEC CHECKSUMS:
  JSQSystemSoundPlayer: c5850e77a4363ffd374cd851154b9af93264ed8d
  YYKit: 843d1b26e20b82c695790c9a89907eaa1e99907f

PODFILE CHECKSUM: e5b5ca4e001419508dbcb5166518ed6834d2f145

COCOAPODS: 1.0.1
